// !$*UTF8*$!
{
	archiveVersion = 1;
	classes = {
	};
	objectVersion = 46;
	objects = {

/* Begin PBXBuildFile section */
		E70A344A1F2AD8490009EFB4 /* main.m in Sources */ = {isa = PBXBuildFile; fileRef = E70A34491F2AD8490009EFB4 /* main.m */; };
		E70A344D1F2AD8490009EFB4 /* AppDelegate.m in Sources */ = {isa = PBXBuildFile; fileRef = E70A344C1F2AD8490009EFB4 /* AppDelegate.m */; };
		E70A34501F2AD8490009EFB4 /* ViewController.m in Sources */ = {isa = PBXBuildFile; fileRef = E70A344F1F2AD8490009EFB4 /* ViewController.m */; };
		E70A34531F2AD8490009EFB4 /* Main.storyboard in Resources */ = {isa = PBXBuildFile; fileRef = E70A34511F2AD8490009EFB4 /* Main.storyboard */; };
		E70A34551F2AD8490009EFB4 /* Assets.xcassets in Resources */ = {isa = PBXBuildFile; fileRef = E70A34541F2AD8490009EFB4 /* Assets.xcassets */; };
		E70A34581F2AD84A0009EFB4 /* LaunchScreen.storyboard in Resources */ = {isa = PBXBuildFile; fileRef = E70A34561F2AD8490009EFB4 /* LaunchScreen.storyboard */; };
		E70A346B1F2ADD250009EFB4 /* RouterMaker.m in Sources */ = {isa = PBXBuildFile; fileRef = E70A34681F2ADD250009EFB4 /* RouterMaker.m */; };
/* End PBXBuildFile section */

/* Begin PBXFileReference section */
		E70A34451F2AD8490009EFB4 /* RouterMakerDemo.app */ = {isa = PBXFileReference; explicitFileType = wrapper.application; includeInIndex = 0; path = RouterMakerDemo.app; sourceTree = BUILT_PRODUCTS_DIR; };
		E70A34491F2AD8490009EFB4 /* main.m */ = {isa = PBXFileReference; lastKnownFileType = sourcecode.c.objc; path = main.m; sourceTree = "<group>"; };
		E70A344B1F2AD8490009EFB4 /* AppDelegate.h */ = {isa = PBXFileReference; lastKnownFileType = sourcecode.c.h; path = AppDelegate.h; sourceTree = "<group>"; };
		E70A344C1F2AD8490009EFB4 /* AppDelegate.m */ = {isa = PBXFileReference; lastKnownFileType = sourcecode.c.objc; path = AppDelegate.m; sourceTree = "<group>"; };
		E70A344E1F2AD8490009EFB4 /* ViewController.h */ = {isa = PBXFileReference; lastKnownFileType = sourcecode.c.h; path = ViewController.h; sourceTree = "<group>"; };
		E70A344F1F2AD8490009EFB4 /* ViewController.m */ = {isa = PBXFileReference; lastKnownFileType = sourcecode.c.objc; path = ViewController.m; sourceTree = "<group>"; };
		E70A34521F2AD8490009EFB4 /* Base */ = {isa = PBXFileReference; lastKnownFileType = file.storyboard; name = Base; path = Base.lproj/Main.storyboard; sourceTree = "<group>"; };
		E70A34541F2AD8490009EFB4 /* Assets.xcassets */ = {isa = PBXFileReference; lastKnownFileType = folder.assetcatalog; path = Assets.xcassets; sourceTree = "<group>"; };
		E70A34571F2AD84A0009EFB4 /* Base */ = {isa = PBXFileReference; lastKnownFileType = file.storyboard; name = Base; path = Base.lproj/LaunchScreen.storyboard; sourceTree = "<group>"; };
		E70A34591F2AD84A0009EFB4 /* Info.plist */ = {isa = PBXFileReference; lastKnownFileType = text.plist.xml; path = Info.plist; sourceTree = "<group>"; };
		E70A34671F2ADD250009EFB4 /* RouterMaker.h */ = {isa = PBXFileReference; fileEncoding = 4; lastKnownFileType = sourcecode.c.h; path = RouterMaker.h; sourceTree = "<group>"; };
		E70A34681F2ADD250009EFB4 /* RouterMaker.m */ = {isa = PBXFileReference; fileEncoding = 4; lastKnownFileType = sourcecode.c.objc; path = RouterMaker.m; sourceTree = "<group>"; };
		E70A34691F2ADD250009EFB4 /* RouterMakerContext.h */ = {isa = PBXFileReference; fileEncoding = 4; lastKnownFileType = sourcecode.c.h; path = RouterMakerContext.h; sourceTree = "<group>"; };
		E70A346A1F2ADD250009EFB4 /* RouterMakerMacro.h */ = {isa = PBXFileReference; fileEncoding = 4; lastKnownFileType = sourcecode.c.h; path = RouterMakerMacro.h; sourceTree = "<group>"; };
/* End PBXFileReference section */

/* Begin PBXFrameworksBuildPhase section */
		E70A34421F2AD8490009EFB4 /* Frameworks */ = {
			isa = PBXFrameworksBuildPhase;
			buildActionMask = 2147483647;
			files = (
			);
			runOnlyForDeploymentPostprocessing = 0;
		};
/* End PBXFrameworksBuildPhase section */

/* Begin PBXGroup section */
		E70A343C1F2AD8490009EFB4 = {
			isa = PBXGroup;
			children = (
				E70A34661F2ADD250009EFB4 /* RouterMaker */,
				E70A34471F2AD8490009EFB4 /* RouterMakerDemo */,
				E70A34461F2AD8490009EFB4 /* Products */,
			);
			sourceTree = "<group>";
		};
		E70A34461F2AD8490009EFB4 /* Products */ = {
			isa = PBXGroup;
			children = (
				E70A34451F2AD8490009EFB4 /* RouterMakerDemo.app */,
			);
			name = Products;
			sourceTree = "<group>";
		};
		E70A34471F2AD8490009EFB4 /* RouterMakerDemo */ = {
			isa = PBXGroup;
			children = (
				E70A344B1F2AD8490009EFB4 /* AppDelegate.h */,
				E70A344C1F2AD8490009EFB4 /* AppDelegate.m */,
				E70A344E1F2AD8490009EFB4 /* ViewController.h */,
				E70A344F1F2AD8490009EFB4 /* ViewController.m */,
				E70A34511F2AD8490009EFB4 /* Main.storyboard */,
				E70A34541F2AD8490009EFB4 /* Assets.xcassets */,
				E70A34561F2AD8490009EFB4 /* LaunchScreen.storyboard */,
				E70A34591F2AD84A0009EFB4 /* Info.plist */,
				E70A34481F2AD8490009EFB4 /* Supporting Files */,
			);
			path = RouterMakerDemo;
			sourceTree = "<group>";
		};
		E70A34481F2AD8490009EFB4 /* Supporting Files */ = {
			isa = PBXGroup;
			children = (
				E70A34491F2AD8490009EFB4 /* main.m */,
			);
			name = "Supporting Files";
			sourceTree = "<group>";
		};
		E70A34661F2ADD250009EFB4 /* RouterMaker */ = {
			isa = PBXGroup;
			children = (
				E70A34691F2ADD250009EFB4 /* RouterMakerContext.h */,
				E70A346A1F2ADD250009EFB4 /* RouterMakerMacro.h */,
				E70A34671F2ADD250009EFB4 /* RouterMaker.h */,
				E70A34681F2ADD250009EFB4 /* RouterMaker.m */,
			);
			path = RouterMaker;
			sourceTree = "<group>";
		};
/* End PBXGroup section */

/* Begin PBXNativeTarget section */
		E70A34441F2AD8490009EFB4 /* RouterMakerDemo */ = {
			isa = PBXNativeTarget;
			buildConfigurationList = E70A345C1F2AD84A0009EFB4 /* Build configuration list for PBXNativeTarget "RouterMakerDemo" */;
			buildPhases = (
				E70A34411F2AD8490009EFB4 /* Sources */,
				E70A34421F2AD8490009EFB4 /* Frameworks */,
				E70A34431F2AD8490009EFB4 /* Resources */,
			);
			buildRules = (
			);
			dependencies = (
			);
			name = RouterMakerDemo;
			productName = RouterMakerDemo;
			productReference = E70A34451F2AD8490009EFB4 /* RouterMakerDemo.app */;
			productType = "com.apple.product-type.application";
		};
/* End PBXNativeTarget section */

/* Begin PBXProject section */
		E70A343D1F2AD8490009EFB4 /* Project object */ = {
			isa = PBXProject;
			attributes = {
				LastUpgradeCheck = 0830;
				ORGANIZATIONNAME = bjhl;
				TargetAttributes = {
					E70A34441F2AD8490009EFB4 = {
						CreatedOnToolsVersion = 8.3.2;
						DevelopmentTeam = QCG7464ETA;
						ProvisioningStyle = Automatic;
					};
				};
			};
			buildConfigurationList = E70A34401F2AD8490009EFB4 /* Build configuration list for PBXProject "RouterMakerDemo" */;
			compatibilityVersion = "Xcode 3.2";
			developmentRegion = English;
			hasScannedForEncodings = 0;
			knownRegions = (
				en,
				Base,
			);
			mainGroup = E70A343C1F2AD8490009EFB4;
			productRefGroup = E70A34461F2AD8490009EFB4 /* Products */;
			projectDirPath = "";
			projectRoot = "";
			targets = (
				E70A34441F2AD8490009EFB4 /* RouterMakerDemo */,
			);
		};
/* End PBXProject section */

/* Begin PBXResourcesBuildPhase section */
		E70A34431F2AD8490009EFB4 /* Resources */ = {
			isa = PBXResourcesBuildPhase;
			buildActionMask = 2147483647;
			files = (
				E70A34581F2AD84A0009EFB4 /* LaunchScreen.storyboard in Resources */,
				E70A34551F2AD8490009EFB4 /* Assets.xcassets in Resources */,
				E70A34531F2AD8490009EFB4 /* Main.storyboard in Resources */,
			);
			runOnlyForDeploymentPostprocessing = 0;
		};
/* End PBXResourcesBuildPhase section */

/* Begin PBXSourcesBuildPhase section */
		E70A34411F2AD8490009EFB4 /* Sources */ = {
			isa = PBXSourcesBuildPhase;
			buildActionMask = 2147483647;
			files = (
				E70A34501F2AD8490009EFB4 /* ViewController.m in Sources */,
				E70A346B1F2ADD250009EFB4 /* RouterMaker.m in Sources */,
				E70A344D1F2AD8490009EFB4 /* AppDelegate.m in Sources */,
				E70A344A1F2AD8490009EFB4 /* main.m in Sources */,
			);
			runOnlyForDeploymentPostprocessing = 0;
		};
/* End PBXSourcesBuildPhase section */

/* Begin PBXVariantGroup section */
		E70A34511F2AD8490009EFB4 /* Main.storyboard */ = {
			isa = PBXVariantGroup;
			children = (
				E70A34521F2AD8490009EFB4 /* Base */,
			);
			name = Main.storyboard;
			sourceTree = "<group>";
		};
		E70A34561F2AD8490009EFB4 /* LaunchScreen.storyboard */ = {
			isa = PBXVariantGroup;
			children = (
				E70A34571F2AD84A0009EFB4 /* Base */,
			);
			name = LaunchScreen.storyboard;
			sourceTree = "<group>";
		};
/* End PBXVariantGroup section */

/* Begin XCBuildConfiguration section */
		E70A345A1F2AD84A0009EFB4 /* Debug */ = {
			isa = XCBuildConfiguration;
			buildSettings = {
				ALWAYS_SEARCH_USER_PATHS = NO;
				CLANG_ANALYZER_NONNULL = YES;
				CLANG_ANALYZER_NUMBER_OBJECT_CONVERSION = YES_AGGRESSIVE;
				CLANG_CXX_LANGUAGE_STANDARD = "gnu++0x";
				CLANG_CXX_LIBRARY = "libc++";
				CLANG_ENABLE_MODULES = YES;
				CLANG_ENABLE_OBJC_ARC = YES;
				CLANG_WARN_BOOL_CONVERSION = YES;
				CLANG_WARN_CONSTANT_CONVERSION = YES;
				CLANG_WARN_DIRECT_OBJC_ISA_USAGE = YES_ERROR;
				CLANG_WARN_DOCUMENTATION_COMMENTS = YES;
				CLANG_WARN_EMPTY_BODY = YES;
				CLANG_WARN_ENUM_CONVERSION = YES;
				CLANG_WARN_INFINITE_RECURSION = YES;
				CLANG_WARN_INT_CONVERSION = YES;
				CLANG_WARN_OBJC_ROOT_CLASS = YES_ERROR;
				CLANG_WARN_SUSPICIOUS_MOVE = YES;
				CLANG_WARN_UNREACHABLE_CODE = YES;
				CLANG_WARN__DUPLICATE_METHOD_MATCH = YES;
				"CODE_SIGN_IDENTITY[sdk=iphoneos*]" = "iPhone Developer";
				COPY_PHASE_STRIP = NO;
				DEBUG_INFORMATION_FORMAT = dwarf;
				ENABLE_STRICT_OBJC_MSGSEND = YES;
				ENABLE_TESTABILITY = YES;
				GCC_C_LANGUAGE_STANDARD = gnu99;
				GCC_DYNAMIC_NO_PIC = NO;
				GCC_NO_COMMON_BLOCKS = YES;
				GCC_OPTIMIZATION_LEVEL = 0;
				GCC_PREPROCESSOR_DEFINITIONS = (
					"DEBUG=1",
					"$(inherited)",
				);
				GCC_WARN_64_TO_32_BIT_CONVERSION = YES;
				GCC_WARN_ABOUT_RETURN_TYPE = YES_ERROR;
				GCC_WARN_UNDECLARED_SELECTOR = YES;
				GCC_WARN_UNINITIALIZED_AUTOS = YES_AGGRESSIVE;
				GCC_WARN_UNUSED_FUNCTION = YES;
				GCC_WARN_UNUSED_VARIABLE = YES;
				IPHONEOS_DEPLOYMENT_TARGET = 10.3;
				MTL_ENABLE_DEBUG_INFO = YES;
				ONLY_ACTIVE_ARCH = YES;
				SDKROOT = iphoneos;
			};
			name = Debug;
		};
		E70A345B1F2AD84A0009EFB4 /* Release */ = {
			isa = XCBuildConfiguration;
			buildSettings = {
				ALWAYS_SEARCH_USER_PATHS = NO;
				CLANG_ANALYZER_NONNULL = YES;
				CLANG_ANALYZER_NUMBER_OBJECT_CONVERSION = YES_AGGRESSIVE;
				CLANG_CXX_LANGUAGE_STANDARD = "gnu++0x";
				CLANG_CXX_LIBRARY = "libc++";
				CLANG_ENABLE_MODULES = YES;
				CLANG_ENABLE_OBJC_ARC = YES;
				CLANG_WARN_BOOL_CONVERSION = YES;
				CLANG_WARN_CONSTANT_CONVERSION = YES;
				CLANG_WARN_DIRECT_OBJC_ISA_USAGE = YES_ERROR;
				CLANG_WARN_DOCUMENTATION_COMMENTS = YES;
				CLANG_WARN_EMPTY_BODY = YES;
				CLANG_WARN_ENUM_CONVERSION = YES;
				CLANG_WARN_INFINITE_RECURSION = YES;
				CLANG_WARN_INT_CONVERSION = YES;
				CLANG_WARN_OBJC_ROOT_CLASS = YES_ERROR;
				CLANG_WARN_SUSPICIOUS_MOVE = YES;
				CLANG_WARN_UNREACHABLE_CODE = YES;
				CLANG_WARN__DUPLICATE_METHOD_MATCH = YES;
				"CODE_SIGN_IDENTITY[sdk=iphoneos*]" = "iPhone Developer";
				COPY_PHASE_STRIP = NO;
				DEBUG_INFORMATION_FORMAT = "dwarf-with-dsym";
				ENABLE_NS_ASSERTIONS = NO;
				ENABLE_STRICT_OBJC_MSGSEND = YES;
				GCC_C_LANGUAGE_STANDARD = gnu99;
				GCC_NO_COMMON_BLOCKS = YES;
				GCC_WARN_64_TO_32_BIT_CONVERSION = YES;
				GCC_WARN_ABOUT_RETURN_TYPE = YES_ERROR;
				GCC_WARN_UNDECLARED_SELECTOR = YES;
				GCC_WARN_UNINITIALIZED_AUTOS = YES_AGGRESSIVE;
				GCC_WARN_UNUSED_FUNCTION = YES;
				GCC_WARN_UNUSED_VARIABLE = YES;
				IPHONEOS_DEPLOYMENT_TARGET = 10.3;
				MTL_ENABLE_DEBUG_INFO = NO;
				SDKROOT = iphoneos;
				VALIDATE_PRODUCT = YES;
			};
			name = Release;
		};
		E70A345D1F2AD84A0009EFB4 /* Debug */ = {
			isa = XCBuildConfiguration;
			buildSettings = {
				ASSETCATALOG_COMPILER_APPICON_NAME = AppIcon;
				DEVELOPMENT_TEAM = QCG7464ETA;
				INFOPLIST_FILE = RouterMakerDemo/Info.plist;
				IPHONEOS_DEPLOYMENT_TARGET = 8.0;
				LD_RUNPATH_SEARCH_PATHS = "$(inherited) @executable_path/Frameworks";
				PRODUCT_BUNDLE_IDENTIFIER = com.bjhl.RouterMakerDemo;
				PRODUCT_NAME = "$(TARGET_NAME)";
			};
			name = Debug;
		};
		E70A345E1F2AD84A0009EFB4 /* Release */ = {
			isa = XCBuildConfiguration;
			buildSettings = {
				ASSETCATALOG_COMPILER_APPICON_NAME = AppIcon;
				DEVELOPMENT_TEAM = QCG7464ETA;
				INFOPLIST_FILE = RouterMakerDemo/Info.plist;
				IPHONEOS_DEPLOYMENT_TARGET = 8.0;
				LD_RUNPATH_SEARCH_PATHS = "$(inherited) @executable_path/Frameworks";
				PRODUCT_BUNDLE_IDENTIFIER = com.bjhl.RouterMakerDemo;
				PRODUCT_NAME = "$(TARGET_NAME)";
			};
			name = Release;
		};
/* End XCBuildConfiguration section */

/* Begin XCConfigurationList section */
		E70A34401F2AD8490009EFB4 /* Build configuration list for PBXProject "RouterMakerDemo" */ = {
			isa = XCConfigurationList;
			buildConfigurations = (
				E70A345A1F2AD84A0009EFB4 /* Debug */,
				E70A345B1F2AD84A0009EFB4 /* Release */,
			);
			defaultConfigurationIsVisible = 0;
			defaultConfigurationName = Release;
		};
		E70A345C1F2AD84A0009EFB4 /* Build configuration list for PBXNativeTarget "RouterMakerDemo" */ = {
			isa = XCConfigurationList;
			buildConfigurations = (
				E70A345D1F2AD84A0009EFB4 /* Debug */,
				E70A345E1F2AD84A0009EFB4 /* Release */,
			);
			defaultConfigurationIsVisible = 0;
			defaultConfigurationName = Release;
		};
/* End XCConfigurationList section */
	};
	rootObject = E70A343D1F2AD8490009EFB4 /* Project object */;
}
